{
  "name": "synthetic-widget-library",
  "lockfileVersion": 3,
  "packages": {
    "": { "devDependencies": { "sass": "1.77.8", "terser": "5.15.1", "typescript": "5.4.5", "vite": "5.4.21" } },
    "node_modules/vite": { "version": "5.4.21", "dependencies": { "rollup": "^4.20.0" } },
    "node_modules/rollup": { "version": "4.24.0" },
    "node_modules/terser": { "version": "5.15.1" }
  }
}
